// !$*UTF8*$!
{
	archiveVersion = 1;
	classes = {
	};
	objectVersion = 56;
	objects = {

/* Begin PBXBuildFile section */
		84091A3F2A05AE1A00BA2855 /* RowView.swift in Sources */ = {isa = PBXBuildFile; fileRef = 84091A3E2A05AE1A00BA2855 /* RowView.swift */; };
		84091A412A05BAF900BA2855 /* PlayerMusic.swift in Sources */ = {isa = PBXBuildFile; fileRef = 84091A402A05BAF900BA2855 /* PlayerMusic.swift */; };
		841E601329FB064E008CC97A /* AppleMusicTaskApp.swift in Sources */ = {isa = PBXBuildFile; fileRef = 841E601229FB064E008CC97A /* AppleMusicTaskApp.swift */; };
		841E601529FB064E008CC97A /* LibraryView.swift in Sources */ = {isa = PBXBuildFile; fileRef = 841E601429FB064E008CC97A /* LibraryView.swift */; };
		841E601729FB0659008CC97A /* Assets.xcassets in Resources */ = {isa = PBXBuildFile; fileRef = 841E601629FB0659008CC97A /* Assets.xcassets */; };
		841E601A29FB0659008CC97A /* Preview Assets.xcassets in Resources */ = {isa = PBXBuildFile; fileRef = 841E601929FB0659008CC97A /* Preview Assets.xcassets */; };
		841E602329FB1878008CC97A /* MainView.swift in Sources */ = {isa = PBXBuildFile; fileRef = 841E602229FB1878008CC97A /* MainView.swift */; };
		841E602529FC5DF2008CC97A /* ListView.swift in Sources */ = {isa = PBXBuildFile; fileRef = 841E602429FC5DF2008CC97A /* ListView.swift */; };
		841E602729FC5E21008CC97A /* ModelList.swift in Sources */ = {isa = PBXBuildFile; fileRef = 841E602629FC5E21008CC97A /* ModelList.swift */; };
		84AC3CEF2A0DAD1700E88708 /* RadioView.swift in Sources */ = {isa = PBXBuildFile; fileRef = 84AC3CEE2A0DAD1700E88708 /* RadioView.swift */; };
		84AC3CF22A0DAEF200E88708 /* MusicListView.swift in Sources */ = {isa = PBXBuildFile; fileRef = 84AC3CF12A0DAEF200E88708 /* MusicListView.swift */; };
		84AC3CFA2A0DB02B00E88708 /* ModelMusicList.swift in Sources */ = {isa = PBXBuildFile; fileRef = 84AC3CF92A0DB02B00E88708 /* ModelMusicList.swift */; };
		84AC3CFC2A0EB84E00E88708 /* ModelRadioList.swift in Sources */ = {isa = PBXBuildFile; fileRef = 84AC3CFB2A0EB84E00E88708 /* ModelRadioList.swift */; };
		84AC3CFE2A0EBDA500E88708 /* RadioListView.swift in Sources */ = {isa = PBXBuildFile; fileRef = 84AC3CFD2A0EBDA500E88708 /* RadioListView.swift */; };
/* End PBXBuildFile section */

/* Begin PBXFileReference section */
		84091A3E2A05AE1A00BA2855 /* RowView.swift */ = {isa = PBXFileReference; lastKnownFileType = sourcecode.swift; path = RowView.swift; sourceTree = "<group>"; };
		84091A402A05BAF900BA2855 /* PlayerMusic.swift */ = {isa = PBXFileReference; lastKnownFileType = sourcecode.swift; path = PlayerMusic.swift; sourceTree = "<group>"; };
		841E600F29FB064D008CC97A /* AppleMusicTask.app */ = {isa = PBXFileReference; explicitFileType = wrapper.application; includeInIndex = 0; path = AppleMusicTask.app; sourceTree = BUILT_PRODUCTS_DIR; };
		841E601229FB064E008CC97A /* AppleMusicTaskApp.swift */ = {isa = PBXFileReference; lastKnownFileType = sourcecode.swift; path = AppleMusicTaskApp.swift; sourceTree = "<group>"; };
		841E601429FB064E008CC97A /* LibraryView.swift */ = {isa = PBXFileReference; lastKnownFileType = sourcecode.swift; path = LibraryView.swift; sourceTree = "<group>"; };
		841E601629FB0659008CC97A /* Assets.xcassets */ = {isa = PBXFileReference; lastKnownFileType = folder.assetcatalog; path = Assets.xcassets; sourceTree = "<group>"; };
		841E601929FB0659008CC97A /* Preview Assets.xcassets */ = {isa = PBXFileReference; lastKnownFileType = folder.assetcatalog; path = "Preview Assets.xcassets"; sourceTree = "<group>"; };
		841E602229FB1878008CC97A /* MainView.swift */ = {isa = PBXFileReference; lastKnownFileType = sourcecode.swift; path = MainView.swift; sourceTree = "<group>"; };
		841E602429FC5DF2008CC97A /* ListView.swift */ = {isa = PBXFileReference; lastKnownFileType = sourcecode.swift; path = ListView.swift; sourceTree = "<group>"; };
		841E602629FC5E21008CC97A /* ModelList.swift */ = {isa = PBXFileReference; lastKnownFileType = sourcecode.swift; path = ModelList.swift; sourceTree = "<group>"; };
		84AC3CEE2A0DAD1700E88708 /* RadioView.swift */ = {isa = PBXFileReference; lastKnownFileType = sourcecode.swift; path = RadioView.swift; sourceTree = "<group>"; };
		84AC3CF12A0DAEF200E88708 /* MusicListView.swift */ = {isa = PBXFileReference; lastKnownFileType = sourcecode.swift; path = MusicListView.swift; sourceTree = "<group>"; };
		84AC3CF92A0DB02B00E88708 /* ModelMusicList.swift */ = {isa = PBXFileReference; lastKnownFileType = sourcecode.swift; path = ModelMusicList.swift; sourceTree = "<group>"; };
		84AC3CFB2A0EB84E00E88708 /* ModelRadioList.swift */ = {isa = PBXFileReference; lastKnownFileType = sourcecode.swift; path = ModelRadioList.swift; sourceTree = "<group>"; };
		84AC3CFD2A0EBDA500E88708 /* RadioListView.swift */ = {isa = PBXFileReference; lastKnownFileType = sourcecode.swift; path = RadioListView.swift; sourceTree = "<group>"; };
/* End PBXFileReference section */

/* Begin PBXFrameworksBuildPhase section */
		841E600C29FB064D008CC97A /* Frameworks */ = {
			isa = PBXFrameworksBuildPhase;
			buildActionMask = 2147483647;
			files = (
			);
			runOnlyForDeploymentPostprocessing = 0;
		};
/* End PBXFrameworksBuildPhase section */

/* Begin PBXGroup section */
		841E600629FB064D008CC97A = {
			isa = PBXGroup;
			children = (
				841E601129FB064D008CC97A /* AppleMusicTask */,
				841E601029FB064D008CC97A /* Products */,
			);
			sourceTree = "<group>";
		};
		841E601029FB064D008CC97A /* Products */ = {
			isa = PBXGroup;
			children = (
				841E600F29FB064D008CC97A /* AppleMusicTask.app */,
			);
			name = Products;
			sourceTree = "<group>";
		};
		841E601129FB064D008CC97A /* AppleMusicTask */ = {
			isa = PBXGroup;
			children = (
				841E601229FB064E008CC97A /* AppleMusicTaskApp.swift */,
				841E602229FB1878008CC97A /* MainView.swift */,
				84AC3CEC2A0DAC3700E88708 /* ScreenMediateka */,
				84AC3CED2A0DAC6300E88708 /* ScreenRadio */,
				841E601629FB0659008CC97A /* Assets.xcassets */,
				841E601829FB0659008CC97A /* Preview Content */,
			);
			path = AppleMusicTask;
			sourceTree = "<group>";
		};
		841E601829FB0659008CC97A /* Preview Content */ = {
			isa = PBXGroup;
			children = (
				841E601929FB0659008CC97A /* Preview Assets.xcassets */,
			);
			path = "Preview Content";
			sourceTree = "<group>";
		};
		84AC3CEC2A0DAC3700E88708 /* ScreenMediateka */ = {
			isa = PBXGroup;
			children = (
				84AC3CF32A0DAFA100E88708 /* View */,
				84AC3CF42A0DAFAC00E88708 /* Model */,
			);
			path = ScreenMediateka;
			sourceTree = "<group>";
		};
		84AC3CED2A0DAC6300E88708 /* ScreenRadio */ = {
			isa = PBXGroup;
			children = (
				84AC3CF52A0DAFBE00E88708 /* View */,
				84AC3CF62A0DAFC300E88708 /* Model */,
			);
			path = ScreenRadio;
			sourceTree = "<group>";
		};
		84AC3CF32A0DAFA100E88708 /* View */ = {
			isa = PBXGroup;
			children = (
				841E601429FB064E008CC97A /* LibraryView.swift */,
				841E602429FC5DF2008CC97A /* ListView.swift */,
				84091A3E2A05AE1A00BA2855 /* RowView.swift */,
				84091A402A05BAF900BA2855 /* PlayerMusic.swift */,
			);
			path = View;
			sourceTree = "<group>";
		};
		84AC3CF42A0DAFAC00E88708 /* Model */ = {
			isa = PBXGroup;
			children = (
				841E602629FC5E21008CC97A /* ModelList.swift */,
			);
			path = Model;
			sourceTree = "<group>";
		};
		84AC3CF52A0DAFBE00E88708 /* View */ = {
			isa = PBXGroup;
			children = (
				84AC3CEE2A0DAD1700E88708 /* RadioView.swift */,
				84AC3CF12A0DAEF200E88708 /* MusicListView.swift */,
				84AC3CFD2A0EBDA500E88708 /* RadioListView.swift */,
			);
			path = View;
			sourceTree = "<group>";
		};
		84AC3CF62A0DAFC300E88708 /* Model */ = {
			isa = PBXGroup;
			children = (
				84AC3CF92A0DB02B00E88708 /* ModelMusicList.swift */,
				84AC3CFB2A0EB84E00E88708 /* ModelRadioList.swift */,
			);
			path = Model;
			sourceTree = "<group>";
		};
/* End PBXGroup section */

/* Begin PBXNativeTarget section */
		841E600E29FB064D008CC97A /* AppleMusicTask */ = {
			isa = PBXNativeTarget;
			buildConfigurationList = 841E601D29FB0659008CC97A /* Build configuration list for PBXNativeTarget "AppleMusicTask" */;
			buildPhases = (
				841E600B29FB064D008CC97A /* Sources */,
				841E600C29FB064D008CC97A /* Frameworks */,
				841E600D29FB064D008CC97A /* Resources */,
			);
			buildRules = (
			);
			dependencies = (
			);
			name = AppleMusicTask;
			productName = AppleMusicTask;
			productReference = 841E600F29FB064D008CC97A /* AppleMusicTask.app */;
			productType = "com.apple.product-type.application";
		};
/* End PBXNativeTarget section */

/* Begin PBXProject section */
		841E600729FB064D008CC97A /* Project object */ = {
			isa = PBXProject;
			attributes = {
				BuildIndependentTargetsInParallel = 1;
				LastSwiftUpdateCheck = 1420;
				LastUpgradeCheck = 1420;
				TargetAttributes = {
					841E600E29FB064D008CC97A = {
						CreatedOnToolsVersion = 14.2;
					};
				};
			};
			buildConfigurationList = 841E600A29FB064D008CC97A /* Build configuration list for PBXProject "AppleMusicTask" */;
			compatibilityVersion = "Xcode 14.0";
			developmentRegion = en;
			hasScannedForEncodings = 0;
			knownRegions = (
				en,
				Base,
			);
			mainGroup = 841E600629FB064D008CC97A;
			productRefGroup = 841E601029FB064D008CC97A /* Products */;
			projectDirPath = "";
			projectRoot = "";
			targets = (
				841E600E29FB064D008CC97A /* AppleMusicTask */,
			);
		};
/* End PBXProject section */

/* Begin PBXResourcesBuildPhase section */
		841E600D29FB064D008CC97A /* Resources */ = {
			isa = PBXResourcesBuildPhase;
			buildActionMask = 2147483647;
			files = (
				841E601A29FB0659008CC97A /* Preview Assets.xcassets in Resources */,
				841E601729FB0659008CC97A /* Assets.xcassets in Resources */,
			);
			runOnlyForDeploymentPostprocessing = 0;
		};
/* End PBXResourcesBuildPhase section */

/* Begin PBXSourcesBuildPhase section */
		841E600B29FB064D008CC97A /* Sources */ = {
			isa = PBXSourcesBuildPhase;
			buildActionMask = 2147483647;
			files = (
				841E602729FC5E21008CC97A /* ModelList.swift in Sources */,
				84091A3F2A05AE1A00BA2855 /* RowView.swift in Sources */,
				841E602529FC5DF2008CC97A /* ListView.swift in Sources */,
				84AC3CFC2A0EB84E00E88708 /* ModelRadioList.swift in Sources */,
				841E601529FB064E008CC97A /* LibraryView.swift in Sources */,
				84AC3CF22A0DAEF200E88708 /* MusicListView.swift in Sources */,
				84AC3CEF2A0DAD1700E88708 /* RadioView.swift in Sources */,
				841E602329FB1878008CC97A /* MainView.swift in Sources */,
				84AC3CFE2A0EBDA500E88708 /* RadioListView.swift in Sources */,
				84AC3CFA2A0DB02B00E88708 /* ModelMusicList.swift in Sources */,
				84091A412A05BAF900BA2855 /* PlayerMusic.swift in Sources */,
				841E601329FB064E008CC97A /* AppleMusicTaskApp.swift in Sources */,
			);
			runOnlyForDeploymentPostprocessing = 0;
		};
/* End PBXSourcesBuildPhase section */

/* Begin XCBuildConfiguration section */
		841E601B29FB0659008CC97A /* Debug */ = {
			isa = XCBuildConfiguration;
			buildSettings = {
				ALWAYS_SEARCH_USER_PATHS = NO;
				CLANG_ANALYZER_NONNULL = YES;
				CLANG_ANALYZER_NUMBER_OBJECT_CONVERSION = YES_AGGRESSIVE;
				CLANG_CXX_LANGUAGE_STANDARD = "gnu++20";
				CLANG_ENABLE_MODULES = YES;
				CLANG_ENABLE_OBJC_ARC = YES;
				CLANG_ENABLE_OBJC_WEAK = YES;
				CLANG_WARN_BLOCK_CAPTURE_AUTORELEASING = YES;
				CLANG_WARN_BOOL_CONVERSION = YES;
				CLANG_WARN_COMMA = YES;
				CLANG_WARN_CONSTANT_CONVERSION = YES;
				CLANG_WARN_DEPRECATED_OBJC_IMPLEMENTATIONS = YES;
				CLANG_WARN_DIRECT_OBJC_ISA_USAGE = YES_ERROR;
				CLANG_WARN_DOCUMENTATION_COMMENTS = YES;
				CLANG_WARN_EMPTY_BODY = YES;
				CLANG_WARN_ENUM_CONVERSION = YES;
				CLANG_WARN_INFINITE_RECURSION = YES;
				CLANG_WARN_INT_CONVERSION = YES;
				CLANG_WARN_NON_LITERAL_NULL_CONVERSION = YES;
				CLANG_WARN_OBJC_IMPLICIT_RETAIN_SELF = YES;
				CLANG_WARN_OBJC_LITERAL_CONVERSION = YES;
				CLANG_WARN_OBJC_ROOT_CLASS = YES_ERROR;
				CLANG_WARN_QUOTED_INCLUDE_IN_FRAMEWORK_HEADER = YES;
				CLANG_WARN_RANGE_LOOP_ANALYSIS = YES;
				CLANG_WARN_STRICT_PROTOTYPES = YES;
				CLANG_WARN_SUSPICIOUS_MOVE = YES;
				CLANG_WARN_UNGUARDED_AVAILABILITY = YES_AGGRESSIVE;
				CLANG_WARN_UNREACHABLE_CODE = YES;
				CLANG_WARN__DUPLICATE_METHOD_MATCH = YES;
				COPY_PHASE_STRIP = NO;
				DEBUG_INFORMATION_FORMAT = dwarf;
				ENABLE_STRICT_OBJC_MSGSEND = YES;
				ENABLE_TESTABILITY = YES;
				GCC_C_LANGUAGE_STANDARD = gnu11;
				GCC_DYNAMIC_NO_PIC = NO;
				GCC_NO_COMMON_BLOCKS = YES;
				GCC_OPTIMIZATION_LEVEL = 0;
				GCC_PREPROCESSOR_DEFINITIONS = (
					"DEBUG=1",
					"$(inherited)",
				);
				GCC_WARN_64_TO_32_BIT_CONVERSION = YES;
				GCC_WARN_ABOUT_RETURN_TYPE = YES_ERROR;
				GCC_WARN_UNDECLARED_SELECTOR = YES;
				GCC_WARN_UNINITIALIZED_AUTOS = YES_AGGRESSIVE;
				GCC_WARN_UNUSED_FUNCTION = YES;
				GCC_WARN_UNUSED_VARIABLE = YES;
				IPHONEOS_DEPLOYMENT_TARGET = 16.2;
				MTL_ENABLE_DEBUG_INFO = INCLUDE_SOURCE;
				MTL_FAST_MATH = YES;
				ONLY_ACTIVE_ARCH = YES;
				SDKROOT = iphoneos;
				SWIFT_ACTIVE_COMPILATION_CONDITIONS = DEBUG;
				SWIFT_OPTIMIZATION_LEVEL = "-Onone";
			};
			name = Debug;
		};
		841E601C29FB0659008CC97A /* Release */ = {
			isa = XCBuildConfiguration;
			buildSettings = {
				ALWAYS_SEARCH_USER_PATHS = NO;
				CLANG_ANALYZER_NONNULL = YES;
				CLANG_ANALYZER_NUMBER_OBJECT_CONVERSION = YES_AGGRESSIVE;
				CLANG_CXX_LANGUAGE_STANDARD = "gnu++20";
				CLANG_ENABLE_MODULES = YES;
				CLANG_ENABLE_OBJC_ARC = YES;
				CLANG_ENABLE_OBJC_WEAK = YES;
				CLANG_WARN_BLOCK_CAPTURE_AUTORELEASING = YES;
				CLANG_WARN_BOOL_CONVERSION = YES;
				CLANG_WARN_COMMA = YES;
				CLANG_WARN_CONSTANT_CONVERSION = YES;
				CLANG_WARN_DEPRECATED_OBJC_IMPLEMENTATIONS = YES;
				CLANG_WARN_DIRECT_OBJC_ISA_USAGE = YES_ERROR;
				CLANG_WARN_DOCUMENTATION_COMMENTS = YES;
				CLANG_WARN_EMPTY_BODY = YES;
				CLANG_WARN_ENUM_CONVERSION = YES;
				CLANG_WARN_INFINITE_RECURSION = YES;
				CLANG_WARN_INT_CONVERSION = YES;
				CLANG_WARN_NON_LITERAL_NULL_CONVERSION = YES;
				CLANG_WARN_OBJC_IMPLICIT_RETAIN_SELF = YES;
				CLANG_WARN_OBJC_LITERAL_CONVERSION = YES;
				CLANG_WARN_OBJC_ROOT_CLASS = YES_ERROR;
				CLANG_WARN_QUOTED_INCLUDE_IN_FRAMEWORK_HEADER = YES;
				CLANG_WARN_RANGE_LOOP_ANALYSIS = YES;
				CLANG_WARN_STRICT_PROTOTYPES = YES;
				CLANG_WARN_SUSPICIOUS_MOVE = YES;
				CLANG_WARN_UNGUARDED_AVAILABILITY = YES_AGGRESSIVE;
				CLANG_WARN_UNREACHABLE_CODE = YES;
				CLANG_WARN__DUPLICATE_METHOD_MATCH = YES;
				COPY_PHASE_STRIP = NO;
				DEBUG_INFORMATION_FORMAT = "dwarf-with-dsym";
				ENABLE_NS_ASSERTIONS = NO;
				ENABLE_STRICT_OBJC_MSGSEND = YES;
				GCC_C_LANGUAGE_STANDARD = gnu11;
				GCC_NO_COMMON_BLOCKS = YES;
				GCC_WARN_64_TO_32_BIT_CONVERSION = YES;
				GCC_WARN_ABOUT_RETURN_TYPE = YES_ERROR;
				GCC_WARN_UNDECLARED_SELECTOR = YES;
				GCC_WARN_UNINITIALIZED_AUTOS = YES_AGGRESSIVE;
				GCC_WARN_UNUSED_FUNCTION = YES;
				GCC_WARN_UNUSED_VARIABLE = YES;
				IPHONEOS_DEPLOYMENT_TARGET = 16.2;
				MTL_ENABLE_DEBUG_INFO = NO;
				MTL_FAST_MATH = YES;
				SDKROOT = iphoneos;
				SWIFT_COMPILATION_MODE = wholemodule;
				SWIFT_OPTIMIZATION_LEVEL = "-O";
				VALIDATE_PRODUCT = YES;
			};
			name = Release;
		};
		841E601E29FB0659008CC97A /* Debug */ = {
			isa = XCBuildConfiguration;
			buildSettings = {
				ASSETCATALOG_COMPILER_APPICON_NAME = AppIcon;
				ASSETCATALOG_COMPILER_GLOBAL_ACCENT_COLOR_NAME = AccentColor;
				CODE_SIGN_STYLE = Automatic;
				CURRENT_PROJECT_VERSION = 1;
				DEVELOPMENT_ASSET_PATHS = "\"AppleMusicTask/Preview Content\"";
				DEVELOPMENT_TEAM = ANJYS43MSX;
				ENABLE_PREVIEWS = YES;
				GENERATE_INFOPLIST_FILE = YES;
				INFOPLIST_KEY_UIApplicationSceneManifest_Generation = YES;
				INFOPLIST_KEY_UIApplicationSupportsIndirectInputEvents = YES;
				INFOPLIST_KEY_UILaunchScreen_Generation = YES;
				INFOPLIST_KEY_UISupportedInterfaceOrientations_iPad = "UIInterfaceOrientationPortrait UIInterfaceOrientationPortraitUpsideDown UIInterfaceOrientationLandscapeLeft UIInterfaceOrientationLandscapeRight";
				INFOPLIST_KEY_UISupportedInterfaceOrientations_iPhone = "UIInterfaceOrientationPortrait UIInterfaceOrientationLandscapeLeft UIInterfaceOrientationLandscapeRight";
				LD_RUNPATH_SEARCH_PATHS = (
					"$(inherited)",
					"@executable_path/Frameworks",
				);
				MARKETING_VERSION = 1.0;
				PRODUCT_BUNDLE_IDENTIFIER = com.my.AppleMusicTask;
				PRODUCT_NAME = "$(TARGET_NAME)";
				SWIFT_EMIT_LOC_STRINGS = YES;
				SWIFT_VERSION = 5.0;
				TARGETED_DEVICE_FAMILY = "1,2";
			};
			name = Debug;
		};
		841E601F29FB0659008CC97A /* Release */ = {
			isa = XCBuildConfiguration;
			buildSettings = {
				ASSETCATALOG_COMPILER_APPICON_NAME = AppIcon;
				ASSETCATALOG_COMPILER_GLOBAL_ACCENT_COLOR_NAME = AccentColor;
				CODE_SIGN_STYLE = Automatic;
				CURRENT_PROJECT_VERSION = 1;
				DEVELOPMENT_ASSET_PATHS = "\"AppleMusicTask/Preview Content\"";
				DEVELOPMENT_TEAM = ANJYS43MSX;
				ENABLE_PREVIEWS = YES;
				GENERATE_INFOPLIST_FILE = YES;
				INFOPLIST_KEY_UIApplicationSceneManifest_Generation = YES;
				INFOPLIST_KEY_UIApplicationSupportsIndirectInputEvents = YES;
				INFOPLIST_KEY_UILaunchScreen_Generation = YES;
				INFOPLIST_KEY_UISupportedInterfaceOrientations_iPad = "UIInterfaceOrientationPortrait UIInterfaceOrientationPortraitUpsideDown UIInterfaceOrientationLandscapeLeft UIInterfaceOrientationLandscapeRight";
				INFOPLIST_KEY_UISupportedInterfaceOrientations_iPhone = "UIInterfaceOrientationPortrait UIInterfaceOrientationLandscapeLeft UIInterfaceOrientationLandscapeRight";
				LD_RUNPATH_SEARCH_PATHS = (
					"$(inherited)",
					"@executable_path/Frameworks",
				);
				MARKETING_VERSION = 1.0;
				PRODUCT_BUNDLE_IDENTIFIER = com.my.AppleMusicTask;
				PRODUCT_NAME = "$(TARGET_NAME)";
				SWIFT_EMIT_LOC_STRINGS = YES;
				SWIFT_VERSION = 5.0;
				TARGETED_DEVICE_FAMILY = "1,2";
			};
			name = Release;
		};
/* End XCBuildConfiguration section */

/* Begin XCConfigurationList section */
		841E600A29FB064D008CC97A /* Build configuration list for PBXProject "AppleMusicTask" */ = {
			isa = XCConfigurationList;
			buildConfigurations = (
				841E601B29FB0659008CC97A /* Debug */,
				841E601C29FB0659008CC97A /* Release */,
			);
			defaultConfigurationIsVisible = 0;
			defaultConfigurationName = Release;
		};
		841E601D29FB0659008CC97A /* Build configuration list for PBXNativeTarget "AppleMusicTask" */ = {
			isa = XCConfigurationList;
			buildConfigurations = (
				841E601E29FB0659008CC97A /* Debug */,
				841E601F29FB0659008CC97A /* Release */,
			);
			defaultConfigurationIsVisible = 0;
			defaultConfigurationName = Release;
		};
/* End XCConfigurationList section */
	};
	rootObject = 841E600729FB064D008CC97A /* Project object */;
}
